
Microsoft Visual Studio Solution File, Format Version 12.00
# Visual Studio 15
VisualStudioVersion = 15.0.27004.2009
MinimumVisualStudioVersion = 10.0.40219.1
Project("{D954291E-2A0B-460D-934E-DC6B0785DB48}") = "OptionsCalculator", "OptionsCalculator\OptionsCalculator\OptionsCalculator.shproj", "{AB491C51-47A8-41F2-A27F-98E433CBF831}"
EndProject
Project("{FAE04EC0-301F-11D3-BF4B-00C04F79EFBC}") = "OptionsCalculator.Android", "OptionsCalculator\OptionsCalculator.Android\OptionsCalculator.Android.csproj", "{5CF8DEBE-818F-4A89-8801-C335411E82FB}"
EndProject
Project("{FAE04EC0-301F-11D3-BF4B-00C04F79EFBC}") = "OptionsCalculator.iOS", "OptionsCalculator\OptionsCalculator.iOS\OptionsCalculator.iOS.csproj", "{F2F494F3-71E4-41F9-BED8-B8A4B1FD1EF8}"
EndProject
Project("{FAE04EC0-301F-11D3-BF4B-00C04F79EFBC}") = "OptionsCalculator.UWP", "OptionsCalculator\OptionsCalculator.UWP\OptionsCalculator.UWP.csproj", "{663A2623-9506-41B9-B373-8ADC3030F0E3}"
EndProject
Global
	GlobalSection(SharedMSBuildProjectFiles) = preSolution
		OptionsCalculator\OptionsCalculator\OptionsCalculator.projitems*{5cf8debe-818f-4a89-8801-c335411e82fb}*SharedItemsImports = 4
		OptionsCalculator\OptionsCalculator\OptionsCalculator.projitems*{663a2623-9506-41b9-b373-8adc3030f0e3}*SharedItemsImports = 4
		OptionsCalculator\OptionsCalculator\OptionsCalculator.projitems*{ab491c51-47a8-41f2-a27f-98e433cbf831}*SharedItemsImports = 13
		OptionsCalculator\OptionsCalculator\OptionsCalculator.projitems*{f2f494f3-71e4-41f9-bed8-b8a4b1fd1ef8}*SharedItemsImports = 4
	EndGlobalSection
	GlobalSection(SolutionConfigurationPlatforms) = preSolution
		Ad-Hoc|Any CPU = Ad-Hoc|Any CPU
		Ad-Hoc|ARM = Ad-Hoc|ARM
		Ad-Hoc|iPhone = Ad-Hoc|iPhone
		Ad-Hoc|iPhoneSimulator = Ad-Hoc|iPhoneSimulator
		Ad-Hoc|x64 = Ad-Hoc|x64
		Ad-Hoc|x86 = Ad-Hoc|x86
		AppStore|Any CPU = AppStore|Any CPU
		AppStore|ARM = AppStore|ARM
		AppStore|iPhone = AppStore|iPhone
		AppStore|iPhoneSimulator = AppStore|iPhoneSimulator
		AppStore|x64 = AppStore|x64
		AppStore|x86 = AppStore|x86
		Debug|Any CPU = Debug|Any CPU
		Debug|ARM = Debug|ARM
		Debug|iPhone = Debug|iPhone
		Debug|iPhoneSimulator = Debug|iPhoneSimulator
		Debug|x64 = Debug|x64
		Debug|x86 = Debug|x86
		Release|Any CPU = Release|Any CPU
		Release|ARM = Release|ARM
		Release|iPhone = Release|iPhone
		Release|iPhoneSimulator = Release|iPhoneSimulator
		Release|x64 = Release|x64
		Release|x86 = Release|x86
	EndGlobalSection
	GlobalSection(ProjectConfigurationPlatforms) = postSolution
		{5CF8DEBE-818F-4A89-8801-C335411E82FB}.Ad-Hoc|Any CPU.ActiveCfg = Release|Any CPU
		{5CF8DEBE-818F-4A89-8801-C335411E82FB}.Ad-Hoc|Any CPU.Build.0 = Release|Any CPU
		{5CF8DEBE-818F-4A89-8801-C335411E82FB}.Ad-Hoc|Any CPU.Deploy.0 = Release|Any CPU
		{5CF8DEBE-818F-4A89-8801-C335411E82FB}.Ad-Hoc|ARM.ActiveCfg = Release|Any CPU
		{5CF8DEBE-818F-4A89-8801-C335411E82FB}.Ad-Hoc|ARM.Build.0 = Release|Any CPU
		{5CF8DEBE-818F-4A89-8801-C335411E82FB}.Ad-Hoc|ARM.Deploy.0 = Release|Any CPU
		{5CF8DEBE-818F-4A89-8801-C335411E82FB}.Ad-Hoc|iPhone.ActiveCfg = Release|Any CPU
		{5CF8DEBE-818F-4A89-8801-C335411E82FB}.Ad-Hoc|iPhone.Build.0 = Release|Any CPU
		{5CF8DEBE-818F-4A89-8801-C335411E82FB}.Ad-Hoc|iPhone.Deploy.0 = Release|Any CPU
		{5CF8DEBE-818F-4A89-8801-C335411E82FB}.Ad-Hoc|iPhoneSimulator.ActiveCfg = Release|Any CPU
		{5CF8DEBE-818F-4A89-8801-C335411E82FB}.Ad-Hoc|iPhoneSimulator.Build.0 = Release|Any CPU
		{5CF8DEBE-818F-4A89-8801-C335411E82FB}.Ad-Hoc|iPhoneSimulator.Deploy.0 = Release|Any CPU
		{5CF8DEBE-818F-4A89-8801-C335411E82FB}.Ad-Hoc|x64.ActiveCfg = Release|Any CPU
		{5CF8DEBE-818F-4A89-8801-C335411E82FB}.Ad-Hoc|x64.Build.0 = Release|Any CPU
		{5CF8DEBE-818F-4A89-8801-C335411E82FB}.Ad-Hoc|x64.Deploy.0 = Release|Any CPU
		{5CF8DEBE-818F-4A89-8801-C335411E82FB}.Ad-Hoc|x86.ActiveCfg = Release|Any CPU
		{5CF8DEBE-818F-4A89-8801-C335411E82FB}.Ad-Hoc|x86.Build.0 = Release|Any CPU
		{5CF8DEBE-818F-4A89-8801-C335411E82FB}.Ad-Hoc|x86.Deploy.0 = Release|Any CPU
		{5CF8DEBE-818F-4A89-8801-C335411E82FB}.AppStore|Any CPU.ActiveCfg = Release|Any CPU
		{5CF8DEBE-818F-4A89-8801-C335411E82FB}.AppStore|Any CPU.Build.0 = Release|Any CPU
		{5CF8DEBE-818F-4A89-8801-C335411E82FB}.AppStore|Any CPU.Deploy.0 = Release|Any CPU
		{5CF8DEBE-818F-4A89-8801-C335411E82FB}.AppStore|ARM.ActiveCfg = Release|Any CPU
		{5CF8DEBE-818F-4A89-8801-C335411E82FB}.AppStore|ARM.Build.0 = Release|Any CPU
		{5CF8DEBE-818F-4A89-8801-C335411E82FB}.AppStore|ARM.Deploy.0 = Release|Any CPU
		{5CF8DEBE-818F-4A89-8801-C335411E82FB}.AppStore|iPhone.ActiveCfg = Release|Any CPU
		{5CF8DEBE-818F-4A89-8801-C335411E82FB}.AppStore|iPhone.Build.0 = Release|Any CPU
		{5CF8DEBE-818F-4A89-8801-C335411E82FB}.AppStore|iPhone.Deploy.0 = Release|Any CPU
		{5CF8DEBE-818F-4A89-8801-C335411E82FB}.AppStore|iPhoneSimulator.ActiveCfg = Release|Any CPU
		{5CF8DEBE-818F-4A89-8801-C335411E82FB}.AppStore|iPhoneSimulator.Build.0 = Release|Any CPU
		{5CF8DEBE-818F-4A89-8801-C335411E82FB}.AppStore|iPhoneSimulator.Deploy.0 = Release|Any CPU
		{5CF8DEBE-818F-4A89-8801-C335411E82FB}.AppStore|x64.ActiveCfg = Release|Any CPU
		{5CF8DEBE-818F-4A89-8801-C335411E82FB}.AppStore|x64.Build.0 = Release|Any CPU
		{5CF8DEBE-818F-4A89-8801-C335411E82FB}.AppStore|x64.Deploy.0 = Release|Any CPU
		{5CF8DEBE-818F-4A89-8801-C335411E82FB}.AppStore|x86.ActiveCfg = Release|Any CPU
		{5CF8DEBE-818F-4A89-8801-C335411E82FB}.AppStore|x86.Build.0 = Release|Any CPU
		{5CF8DEBE-818F-4A89-8801-C335411E82FB}.AppStore|x86.Deploy.0 = Release|Any CPU
		{5CF8DEBE-818F-4A89-8801-C335411E82FB}.Debug|Any CPU.ActiveCfg = Debug|Any CPU
		{5CF8DEBE-818F-4A89-8801-C335411E82FB}.Debug|Any CPU.Build.0 = Debug|Any CPU
		{5CF8DEBE-818F-4A89-8801-C335411E82FB}.Debug|Any CPU.Deploy.0 = Debug|Any CPU
		{5CF8DEBE-818F-4A89-8801-C335411E82FB}.Debug|ARM.ActiveCfg = Debug|Any CPU
		{5CF8DEBE-818F-4A89-8801-C335411E82FB}.Debug|ARM.Build.0 = Debug|Any CPU
		{5CF8DEBE-818F-4A89-8801-C335411E82FB}.Debug|ARM.Deploy.0 = Debug|Any CPU
		{5CF8DEBE-818F-4A89-8801-C335411E82FB}.Debug|iPhone.ActiveCfg = Debug|Any CPU
		{5CF8DEBE-818F-4A89-8801-C335411E82FB}.Debug|iPhone.Build.0 = Debug|Any CPU
		{5CF8DEBE-818F-4A89-8801-C335411E82FB}.Debug|iPhone.Deploy.0 = Debug|Any CPU
		{5CF8DEBE-818F-4A89-8801-C335411E82FB}.Debug|iPhoneSimulator.ActiveCfg = Debug|Any CPU
		{5CF8DEBE-818F-4A89-8801-C335411E82FB}.Debug|iPhoneSimulator.Build.0 = Debug|Any CPU
		{5CF8DEBE-818F-4A89-8801-C335411E82FB}.Debug|iPhoneSimulator.Deploy.0 = Debug|Any CPU
		{5CF8DEBE-818F-4A89-8801-C335411E82FB}.Debug|x64.ActiveCfg = Debug|Any CPU
		{5CF8DEBE-818F-4A89-8801-C335411E82FB}.Debug|x64.Build.0 = Debug|Any CPU
		{5CF8DEBE-818F-4A89-8801-C335411E82FB}.Debug|x64.Deploy.0 = Debug|Any CPU
		{5CF8DEBE-818F-4A89-8801-C335411E82FB}.Debug|x86.ActiveCfg = Debug|Any CPU
		{5CF8DEBE-818F-4A89-8801-C335411E82FB}.Debug|x86.Build.0 = Debug|Any CPU
		{5CF8DEBE-818F-4A89-8801-C335411E82FB}.Debug|x86.Deploy.0 = Debug|Any CPU
		{5CF8DEBE-818F-4A89-8801-C335411E82FB}.Release|Any CPU.ActiveCfg = Release|Any CPU
		{5CF8DEBE-818F-4A89-8801-C335411E82FB}.Release|Any CPU.Build.0 = Release|Any CPU
		{5CF8DEBE-818F-4A89-8801-C335411E82FB}.Release|Any CPU.Deploy.0 = Release|Any CPU
		{5CF8DEBE-818F-4A89-8801-C335411E82FB}.Release|ARM.ActiveCfg = Release|Any CPU
		{5CF8DEBE-818F-4A89-8801-C335411E82FB}.Release|ARM.Build.0 = Release|Any CPU
		{5CF8DEBE-818F-4A89-8801-C335411E82FB}.Release|ARM.Deploy.0 = Release|Any CPU
		{5CF8DEBE-818F-4A89-8801-C335411E82FB}.Release|iPhone.ActiveCfg = Release|Any CPU
		{5CF8DEBE-818F-4A89-8801-C335411E82FB}.Release|iPhone.Build.0 = Release|Any CPU
		{5CF8DEBE-818F-4A89-8801-C335411E82FB}.Release|iPhone.Deploy.0 = Release|Any CPU
		{5CF8DEBE-818F-4A89-8801-C335411E82FB}.Release|iPhoneSimulator.ActiveCfg = Release|Any CPU
		{5CF8DEBE-818F-4A89-8801-C335411E82FB}.Release|iPhoneSimulator.Build.0 = Release|Any CPU
		{5CF8DEBE-818F-4A89-8801-C335411E82FB}.Release|iPhoneSimulator.Deploy.0 = Release|Any CPU
		{5CF8DEBE-818F-4A89-8801-C335411E82FB}.Release|x64.ActiveCfg = Release|Any CPU
		{5CF8DEBE-818F-4A89-8801-C335411E82FB}.Release|x64.Build.0 = Release|Any CPU
		{5CF8DEBE-818F-4A89-8801-C335411E82FB}.Release|x64.Deploy.0 = Release|Any CPU
		{5CF8DEBE-818F-4A89-8801-C335411E82FB}.Release|x86.ActiveCfg = Release|Any CPU
		{5CF8DEBE-818F-4A89-8801-C335411E82FB}.Release|x86.Build.0 = Release|Any CPU
		{5CF8DEBE-818F-4A89-8801-C335411E82FB}.Release|x86.Deploy.0 = Release|Any CPU
		{F2F494F3-71E4-41F9-BED8-B8A4B1FD1EF8}.Ad-Hoc|Any CPU.ActiveCfg = Ad-Hoc|iPhoneSimulator
		{F2F494F3-71E4-41F9-BED8-B8A4B1FD1EF8}.Ad-Hoc|ARM.ActiveCfg = Ad-Hoc|iPhone
		{F2F494F3-71E4-41F9-BED8-B8A4B1FD1EF8}.Ad-Hoc|iPhone.ActiveCfg = Ad-Hoc|iPhone
		{F2F494F3-71E4-41F9-BED8-B8A4B1FD1EF8}.Ad-Hoc|iPhone.Build.0 = Ad-Hoc|iPhone
		{F2F494F3-71E4-41F9-BED8-B8A4B1FD1EF8}.Ad-Hoc|iPhoneSimulator.ActiveCfg = Ad-Hoc|iPhoneSimulator
		{F2F494F3-71E4-41F9-BED8-B8A4B1FD1EF8}.Ad-Hoc|iPhoneSimulator.Build.0 = Ad-Hoc|iPhoneSimulator
		{F2F494F3-71E4-41F9-BED8-B8A4B1FD1EF8}.Ad-Hoc|x64.ActiveCfg = Ad-Hoc|iPhone
		{F2F494F3-71E4-41F9-BED8-B8A4B1FD1EF8}.Ad-Hoc|x86.ActiveCfg = Ad-Hoc|iPhone
		{F2F494F3-71E4-41F9-BED8-B8A4B1FD1EF8}.AppStore|Any CPU.ActiveCfg = AppStore|iPhoneSimulator
		{F2F494F3-71E4-41F9-BED8-B8A4B1FD1EF8}.AppStore|ARM.ActiveCfg = AppStore|iPhone
		{F2F494F3-71E4-41F9-BED8-B8A4B1FD1EF8}.AppStore|iPhone.ActiveCfg = AppStore|iPhone
		{F2F494F3-71E4-41F9-BED8-B8A4B1FD1EF8}.AppStore|iPhone.Build.0 = AppStore|iPhone
		{F2F494F3-71E4-41F9-BED8-B8A4B1FD1EF8}.AppStore|iPhoneSimulator.ActiveCfg = AppStore|iPhoneSimulator
		{F2F494F3-71E4-41F9-BED8-B8A4B1FD1EF8}.AppStore|iPhoneSimulator.Build.0 = AppStore|iPhoneSimulator
		{F2F494F3-71E4-41F9-BED8-B8A4B1FD1EF8}.AppStore|x64.ActiveCfg = AppStore|iPhone
		{F2F494F3-71E4-41F9-BED8-B8A4B1FD1EF8}.AppStore|x86.ActiveCfg = AppStore|iPhone
		{F2F494F3-71E4-41F9-BED8-B8A4B1FD1EF8}.Debug|Any CPU.ActiveCfg = Debug|iPhoneSimulator
		{F2F494F3-71E4-41F9-BED8-B8A4B1FD1EF8}.Debug|ARM.ActiveCfg = Debug|iPhone
		{F2F494F3-71E4-41F9-BED8-B8A4B1FD1EF8}.Debug|iPhone.ActiveCfg = Debug|iPhone
		{F2F494F3-71E4-41F9-BED8-B8A4B1FD1EF8}.Debug|iPhone.Build.0 = Debug|iPhone
		{F2F494F3-71E4-41F9-BED8-B8A4B1FD1EF8}.Debug|iPhoneSimulator.ActiveCfg = Debug|iPhoneSimulator
		{F2F494F3-71E4-41F9-BED8-B8A4B1FD1EF8}.Debug|iPhoneSimulator.Build.0 = Debug|iPhoneSimulator
		{F2F494F3-71E4-41F9-BED8-B8A4B1FD1EF8}.Debug|x64.ActiveCfg = Debug|iPhone
		{F2F494F3-71E4-41F9-BED8-B8A4B1FD1EF8}.Debug|x86.ActiveCfg = Debug|iPhone
		{F2F494F3-71E4-41F9-BED8-B8A4B1FD1EF8}.Release|Any CPU.ActiveCfg = Release|iPhoneSimulator
		{F2F494F3-71E4-41F9-BED8-B8A4B1FD1EF8}.Release|ARM.ActiveCfg = Release|iPhone
		{F2F494F3-71E4-41F9-BED8-B8A4B1FD1EF8}.Release|iPhone.ActiveCfg = Release|iPhone
		{F2F494F3-71E4-41F9-BED8-B8A4B1FD1EF8}.Release|iPhone.Build.0 = Release|iPhone
		{F2F494F3-71E4-41F9-BED8-B8A4B1FD1EF8}.Release|iPhoneSimulator.ActiveCfg = Release|iPhoneSimulator
		{F2F494F3-71E4-41F9-BED8-B8A4B1FD1EF8}.Release|iPhoneSimulator.Build.0 = Release|iPhoneSimulator
		{F2F494F3-71E4-41F9-BED8-B8A4B1FD1EF8}.Release|x64.ActiveCfg = Release|iPhone
		{F2F494F3-71E4-41F9-BED8-B8A4B1FD1EF8}.Release|x86.ActiveCfg = Release|iPhone
		{663A2623-9506-41B9-B373-8ADC3030F0E3}.Ad-Hoc|Any CPU.ActiveCfg = Release|x86
		{663A2623-9506-41B9-B373-8ADC3030F0E3}.Ad-Hoc|Any CPU.Build.0 = Release|x86
		{663A2623-9506-41B9-B373-8ADC3030F0E3}.Ad-Hoc|Any CPU.Deploy.0 = Release|x86
		{663A2623-9506-41B9-B373-8ADC3030F0E3}.Ad-Hoc|ARM.ActiveCfg = Release|ARM
		{663A2623-9506-41B9-B373-8ADC3030F0E3}.Ad-Hoc|ARM.Build.0 = Release|ARM
		{663A2623-9506-41B9-B373-8ADC3030F0E3}.Ad-Hoc|ARM.Deploy.0 = Release|ARM
		{663A2623-9506-41B9-B373-8ADC3030F0E3}.Ad-Hoc|iPhone.ActiveCfg = Release|x86
		{663A2623-9506-41B9-B373-8ADC3030F0E3}.Ad-Hoc|iPhone.Build.0 = Release|x86
		{663A2623-9506-41B9-B373-8ADC3030F0E3}.Ad-Hoc|iPhone.Deploy.0 = Release|x86
		{663A2623-9506-41B9-B373-8ADC3030F0E3}.Ad-Hoc|iPhoneSimulator.ActiveCfg = Release|x86
		{663A2623-9506-41B9-B373-8ADC3030F0E3}.Ad-Hoc|iPhoneSimulator.Build.0 = Release|x86
		{663A2623-9506-41B9-B373-8ADC3030F0E3}.Ad-Hoc|iPhoneSimulator.Deploy.0 = Release|x86
		{663A2623-9506-41B9-B373-8ADC3030F0E3}.Ad-Hoc|x64.ActiveCfg = Release|x64
		{663A2623-9506-41B9-B373-8ADC3030F0E3}.Ad-Hoc|x64.Build.0 = Release|x64
		{663A2623-9506-41B9-B373-8ADC3030F0E3}.Ad-Hoc|x64.Deploy.0 = Release|x64
		{663A2623-9506-41B9-B373-8ADC3030F0E3}.Ad-Hoc|x86.ActiveCfg = Release|x86
		{663A2623-9506-41B9-B373-8ADC3030F0E3}.Ad-Hoc|x86.Build.0 = Release|x86
		{663A2623-9506-41B9-B373-8ADC3030F0E3}.Ad-Hoc|x86.Deploy.0 = Release|x86
		{663A2623-9506-41B9-B373-8ADC3030F0E3}.AppStore|Any CPU.ActiveCfg = Release|x86
		{663A2623-9506-41B9-B373-8ADC3030F0E3}.AppStore|Any CPU.Build.0 = Release|x86
		{663A2623-9506-41B9-B373-8ADC3030F0E3}.AppStore|Any CPU.Deploy.0 = Release|x86
		{663A2623-9506-41B9-B373-8ADC3030F0E3}.AppStore|ARM.ActiveCfg = Release|ARM
		{663A2623-9506-41B9-B373-8ADC3030F0E3}.AppStore|ARM.Build.0 = Release|ARM
		{663A2623-9506-41B9-B373-8ADC3030F0E3}.AppStore|ARM.Deploy.0 = Release|ARM
		{663A2623-9506-41B9-B373-8ADC3030F0E3}.AppStore|iPhone.ActiveCfg = Release|x86
		{663A2623-9506-41B9-B373-8ADC3030F0E3}.AppStore|iPhone.Build.0 = Release|x86
		{663A2623-9506-41B9-B373-8ADC3030F0E3}.AppStore|iPhone.Deploy.0 = Release|x86
		{663A2623-9506-41B9-B373-8ADC3030F0E3}.AppStore|iPhoneSimulator.ActiveCfg = Release|x86
		{663A2623-9506-41B9-B373-8ADC3030F0E3}.AppStore|iPhoneSimulator.Build.0 = Release|x86
		{663A2623-9506-41B9-B373-8ADC3030F0E3}.AppStore|iPhoneSimulator.Deploy.0 = Release|x86
		{663A2623-9506-41B9-B373-8ADC3030F0E3}.AppStore|x64.ActiveCfg = Release|x64
		{663A2623-9506-41B9-B373-8ADC3030F0E3}.AppStore|x64.Build.0 = Release|x64
		{663A2623-9506-41B9-B373-8ADC3030F0E3}.AppStore|x64.Deploy.0 = Release|x64
		{663A2623-9506-41B9-B373-8ADC3030F0E3}.AppStore|x86.ActiveCfg = Release|x86
		{663A2623-9506-41B9-B373-8ADC3030F0E3}.AppStore|x86.Build.0 = Release|x86
		{663A2623-9506-41B9-B373-8ADC3030F0E3}.AppStore|x86.Deploy.0 = Release|x86
		{663A2623-9506-41B9-B373-8ADC3030F0E3}.Debug|Any CPU.ActiveCfg = Debug|x86
		{663A2623-9506-41B9-B373-8ADC3030F0E3}.Debug|ARM.ActiveCfg = Debug|ARM
		{663A2623-9506-41B9-B373-8ADC3030F0E3}.Debug|ARM.Build.0 = Debug|ARM
		{663A2623-9506-41B9-B373-8ADC3030F0E3}.Debug|ARM.Deploy.0 = Debug|ARM
		{663A2623-9506-41B9-B373-8ADC3030F0E3}.Debug|iPhone.ActiveCfg = Debug|x86
		{663A2623-9506-41B9-B373-8ADC3030F0E3}.Debug|iPhoneSimulator.ActiveCfg = Debug|x86
		{663A2623-9506-41B9-B373-8ADC3030F0E3}.Debug|x64.ActiveCfg = Debug|x64
		{663A2623-9506-41B9-B373-8ADC3030F0E3}.Debug|x64.Build.0 = Debug|x64
		{663A2623-9506-41B9-B373-8ADC3030F0E3}.Debug|x64.Deploy.0 = Debug|x64
		{663A2623-9506-41B9-B373-8ADC3030F0E3}.Debug|x86.ActiveCfg = Debug|x86
		{663A2623-9506-41B9-B373-8ADC3030F0E3}.Debug|x86.Build.0 = Debug|x86
		{663A2623-9506-41B9-B373-8ADC3030F0E3}.Debug|x86.Deploy.0 = Debug|x86
		{663A2623-9506-41B9-B373-8ADC3030F0E3}.Release|Any CPU.ActiveCfg = Release|x86
		{663A2623-9506-41B9-B373-8ADC3030F0E3}.Release|ARM.ActiveCfg = Release|ARM
		{663A2623-9506-41B9-B373-8ADC3030F0E3}.Release|ARM.Build.0 = Release|ARM
		{663A2623-9506-41B9-B373-8ADC3030F0E3}.Release|ARM.Deploy.0 = Release|ARM
		{663A2623-9506-41B9-B373-8ADC3030F0E3}.Release|iPhone.ActiveCfg = Release|x86
		{663A2623-9506-41B9-B373-8ADC3030F0E3}.Release|iPhoneSimulator.ActiveCfg = Release|x86
		{663A2623-9506-41B9-B373-8ADC3030F0E3}.Release|x64.ActiveCfg = Release|x64
		{663A2623-9506-41B9-B373-8ADC3030F0E3}.Release|x64.Build.0 = Release|x64
		{663A2623-9506-41B9-B373-8ADC3030F0E3}.Release|x64.Deploy.0 = Release|x64
		{663A2623-9506-41B9-B373-8ADC3030F0E3}.Release|x86.ActiveCfg = Release|x86
		{663A2623-9506-41B9-B373-8ADC3030F0E3}.Release|x86.Build.0 = Release|x86
		{663A2623-9506-41B9-B373-8ADC3030F0E3}.Release|x86.Deploy.0 = Release|x86
	EndGlobalSection
	GlobalSection(SolutionProperties) = preSolution
		HideSolutionNode = FALSE
	EndGlobalSection
	GlobalSection(ExtensibilityGlobals) = postSolution
		SolutionGuid = {662198F0-7071-4A63-85DC-17B4B841507D}
	EndGlobalSection
EndGlobal
